// !$*UTF8*$!
{
	archiveVersion = 1;
	classes = {
	};
	objectVersion = 56;
	objects = {

/* Begin PBXBuildFile section */
		69088E762A613D5C00BC7CD7 /* Kingfisher in Frameworks */ = {isa = PBXBuildFile; productRef = 69088E752A613D5C00BC7CD7 /* Kingfisher */; };
		69088E792A61401C00BC7CD7 /* GoogleSignIn in Frameworks */ = {isa = PBXBuildFile; productRef = 69088E782A61401C00BC7CD7 /* GoogleSignIn */; };
		69088E7B2A61401C00BC7CD7 /* GoogleSignInSwift in Frameworks */ = {isa = PBXBuildFile; productRef = 69088E7A2A61401C00BC7CD7 /* GoogleSignInSwift */; };
		69088E812A6141C100BC7CD7 /* NYTPhotoViewer in Frameworks */ = {isa = PBXBuildFile; productRef = 69088E802A6141C100BC7CD7 /* NYTPhotoViewer */; };
		69088EB72A61747F00BC7CD7 /* DGCharts in Frameworks */ = {isa = PBXBuildFile; productRef = 69088EB62A61747F00BC7CD7 /* DGCharts */; };
		69088EBA2A617D2700BC7CD7 /* AirshipAccengage in Frameworks */ = {isa = PBXBuildFile; productRef = 69088EB92A617D2700BC7CD7 /* AirshipAccengage */; };
		69088EBC2A617D2700BC7CD7 /* AirshipAutomation in Frameworks */ = {isa = PBXBuildFile; productRef = 69088EBB2A617D2700BC7CD7 /* AirshipAutomation */; };
		69088EBE2A617D2700BC7CD7 /* AirshipChat in Frameworks */ = {isa = PBXBuildFile; productRef = 69088EBD2A617D2700BC7CD7 /* AirshipChat */; };
		69088EC02A617D2700BC7CD7 /* AirshipCore in Frameworks */ = {isa = PBXBuildFile; productRef = 69088EBF2A617D2700BC7CD7 /* AirshipCore */; };
		69088EC22A617D2700BC7CD7 /* AirshipExtendedActions in Frameworks */ = {isa = PBXBuildFile; productRef = 69088EC12A617D2700BC7CD7 /* AirshipExtendedActions */; };
		69088EC42A617D2700BC7CD7 /* AirshipLocation in Frameworks */ = {isa = PBXBuildFile; productRef = 69088EC32A617D2700BC7CD7 /* AirshipLocation */; };
		69088EC62A617D2700BC7CD7 /* AirshipMessageCenter in Frameworks */ = {isa = PBXBuildFile; productRef = 69088EC52A617D2700BC7CD7 /* AirshipMessageCenter */; };
		69088EC82A617D2700BC7CD7 /* AirshipNotificationContentExtension in Frameworks */ = {isa = PBXBuildFile; productRef = 69088EC72A617D2700BC7CD7 /* AirshipNotificationContentExtension */; };
		69088ECA2A617D2700BC7CD7 /* AirshipNotificationServiceExtension in Frameworks */ = {isa = PBXBuildFile; productRef = 69088EC92A617D2700BC7CD7 /* AirshipNotificationServiceExtension */; };
		69088ECC2A617D2700BC7CD7 /* AirshipPreferenceCenter in Frameworks */ = {isa = PBXBuildFile; productRef = 69088ECB2A617D2700BC7CD7 /* AirshipPreferenceCenter */; };
		69088ECF2A6180E800BC7CD7 /* AlamofireImage in Frameworks */ = {isa = PBXBuildFile; productRef = 69088ECE2A6180E800BC7CD7 /* AlamofireImage */; };
		69088ED22A6185A800BC7CD7 /* CVCalendar in Frameworks */ = {isa = PBXBuildFile; productRef = 69088ED12A6185A800BC7CD7 /* CVCalendar */; };
		69088ED52A618A7D00BC7CD7 /* Cosmos in Frameworks */ = {isa = PBXBuildFile; productRef = 69088ED42A618A7D00BC7CD7 /* Cosmos */; };
		69088ED82A618B7A00BC7CD7 /* Reachability in Frameworks */ = {isa = PBXBuildFile; productRef = 69088ED72A618B7A00BC7CD7 /* Reachability */; };
		69088EDE2A61904E00BC7CD7 /* FirebaseAnalytics in Frameworks */ = {isa = PBXBuildFile; productRef = 69088EDD2A61904E00BC7CD7 /* FirebaseAnalytics */; };
		69088EE02A61904E00BC7CD7 /* FirebaseAnalyticsOnDeviceConversion in Frameworks */ = {isa = PBXBuildFile; productRef = 69088EDF2A61904E00BC7CD7 /* FirebaseAnalyticsOnDeviceConversion */; };
		69088EE22A61904E00BC7CD7 /* FirebaseAnalyticsSwift in Frameworks */ = {isa = PBXBuildFile; productRef = 69088EE12A61904E00BC7CD7 /* FirebaseAnalyticsSwift */; };
		69088EE42A61904E00BC7CD7 /* FirebaseAnalyticsWithoutAdIdSupport in Frameworks */ = {isa = PBXBuildFile; productRef = 69088EE32A61904E00BC7CD7 /* FirebaseAnalyticsWithoutAdIdSupport */; };
		69088EE62A61904E00BC7CD7 /* FirebaseAppCheck in Frameworks */ = {isa = PBXBuildFile; productRef = 69088EE52A61904E00BC7CD7 /* FirebaseAppCheck */; };
		69088EE82A61904E00BC7CD7 /* FirebaseAppDistribution-Beta in Frameworks */ = {isa = PBXBuildFile; productRef = 69088EE72A61904E00BC7CD7 /* FirebaseAppDistribution-Beta */; };
		69088EEA2A61904E00BC7CD7 /* FirebaseAuth in Frameworks */ = {isa = PBXBuildFile; productRef = 69088EE92A61904E00BC7CD7 /* FirebaseAuth */; };
		69088EEC2A61904E00BC7CD7 /* FirebaseAuthCombine-Community in Frameworks */ = {isa = PBXBuildFile; productRef = 69088EEB2A61904E00BC7CD7 /* FirebaseAuthCombine-Community */; };
		69088EEE2A61904E00BC7CD7 /* FirebaseCrashlytics in Frameworks */ = {isa = PBXBuildFile; productRef = 69088EED2A61904E00BC7CD7 /* FirebaseCrashlytics */; };
		69088EF02A61904E00BC7CD7 /* FirebaseDatabase in Frameworks */ = {isa = PBXBuildFile; productRef = 69088EEF2A61904E00BC7CD7 /* FirebaseDatabase */; };
		69088EF22A61904E00BC7CD7 /* FirebaseDatabaseSwift in Frameworks */ = {isa = PBXBuildFile; productRef = 69088EF12A61904E00BC7CD7 /* FirebaseDatabaseSwift */; };
		69088EF42A61904E00BC7CD7 /* FirebaseDynamicLinks in Frameworks */ = {isa = PBXBuildFile; productRef = 69088EF32A61904E00BC7CD7 /* FirebaseDynamicLinks */; };
		69088EF62A61904E00BC7CD7 /* FirebaseFirestore in Frameworks */ = {isa = PBXBuildFile; productRef = 69088EF52A61904E00BC7CD7 /* FirebaseFirestore */; };
		69088EF82A61904E00BC7CD7 /* FirebaseFirestoreCombine-Community in Frameworks */ = {isa = PBXBuildFile; productRef = 69088EF72A61904E00BC7CD7 /* FirebaseFirestoreCombine-Community */; };
		69088EFA2A61904E00BC7CD7 /* FirebaseFirestoreSwift in Frameworks */ = {isa = PBXBuildFile; productRef = 69088EF92A61904E00BC7CD7 /* FirebaseFirestoreSwift */; };
		69088EFC2A61904E00BC7CD7 /* FirebaseFunctions in Frameworks */ = {isa = PBXBuildFile; productRef = 69088EFB2A61904E00BC7CD7 /* FirebaseFunctions */; };
		69088EFE2A61904E00BC7CD7 /* FirebaseFunctionsCombine-Community in Frameworks */ = {isa = PBXBuildFile; productRef = 69088EFD2A61904E00BC7CD7 /* FirebaseFunctionsCombine-Community */; };
		69088F002A61904E00BC7CD7 /* FirebaseInAppMessaging-Beta in Frameworks */ = {isa = PBXBuildFile; productRef = 69088EFF2A61904E00BC7CD7 /* FirebaseInAppMessaging-Beta */; };
		69088F022A61904E00BC7CD7 /* FirebaseInAppMessagingSwift-Beta in Frameworks */ = {isa = PBXBuildFile; productRef = 69088F012A61904E00BC7CD7 /* FirebaseInAppMessagingSwift-Beta */; };
		69088F042A61904E00BC7CD7 /* FirebaseInstallations in Frameworks */ = {isa = PBXBuildFile; productRef = 69088F032A61904E00BC7CD7 /* FirebaseInstallations */; };
		69088F062A61904E00BC7CD7 /* FirebaseMLModelDownloader in Frameworks */ = {isa = PBXBuildFile; productRef = 69088F052A61904E00BC7CD7 /* FirebaseMLModelDownloader */; };
		69088F082A61904E00BC7CD7 /* FirebaseMessaging in Frameworks */ = {isa = PBXBuildFile; productRef = 69088F072A61904E00BC7CD7 /* FirebaseMessaging */; };
		69088F0A2A61904E00BC7CD7 /* FirebasePerformance in Frameworks */ = {isa = PBXBuildFile; productRef = 69088F092A61904E00BC7CD7 /* FirebasePerformance */; };
		69088F0C2A61904E00BC7CD7 /* FirebaseRemoteConfig in Frameworks */ = {isa = PBXBuildFile; productRef = 69088F0B2A61904E00BC7CD7 /* FirebaseRemoteConfig */; };
		69088F0E2A61904E00BC7CD7 /* FirebaseRemoteConfigSwift in Frameworks */ = {isa = PBXBuildFile; productRef = 69088F0D2A61904E00BC7CD7 /* FirebaseRemoteConfigSwift */; };
		69088F102A61904E00BC7CD7 /* FirebaseStorage in Frameworks */ = {isa = PBXBuildFile; productRef = 69088F0F2A61904E00BC7CD7 /* FirebaseStorage */; };
		69088F122A61904E00BC7CD7 /* FirebaseStorageCombine-Community in Frameworks */ = {isa = PBXBuildFile; productRef = 69088F112A61904E00BC7CD7 /* FirebaseStorageCombine-Community */; };
		69088F152A61A03400BC7CD7 /* Mixpanel in Frameworks */ = {isa = PBXBuildFile; productRef = 69088F142A61A03400BC7CD7 /* Mixpanel */; };
		690E900B2A61C7FB0076EDDF /* FacebookCore in Frameworks */ = {isa = PBXBuildFile; productRef = 690E900A2A61C7FB0076EDDF /* FacebookCore */; };
		690E900F2A61C7FB0076EDDF /* FacebookLogin in Frameworks */ = {isa = PBXBuildFile; productRef = 690E900E2A61C7FB0076EDDF /* FacebookLogin */; };
		690E90112A61C7FB0076EDDF /* FacebookShare in Frameworks */ = {isa = PBXBuildFile; productRef = 690E90102A61C7FB0076EDDF /* FacebookShare */; };
		694CFDC92A443EC6005AF8DC /* BugFixAppCenterApp.swift in Sources */ = {isa = PBXBuildFile; fileRef = 694CFDC82A443EC6005AF8DC /* BugFixAppCenterApp.swift */; };
		694CFDCB2A443EC6005AF8DC /* ContentView.swift in Sources */ = {isa = PBXBuildFile; fileRef = 694CFDCA2A443EC6005AF8DC /* ContentView.swift */; };
		694CFDCD2A443EC7005AF8DC /* Assets.xcassets in Resources */ = {isa = PBXBuildFile; fileRef = 694CFDCC2A443EC7005AF8DC /* Assets.xcassets */; };
		694CFDD02A443EC7005AF8DC /* Preview Assets.xcassets in Resources */ = {isa = PBXBuildFile; fileRef = 694CFDCF2A443EC7005AF8DC /* Preview Assets.xcassets */; };
		694CFDD82A443F48005AF8DC /* AppCenterAnalytics in Frameworks */ = {isa = PBXBuildFile; productRef = 694CFDD72A443F48005AF8DC /* AppCenterAnalytics */; };
		694CFDDA2A443F48005AF8DC /* AppCenterCrashes in Frameworks */ = {isa = PBXBuildFile; productRef = 694CFDD92A443F48005AF8DC /* AppCenterCrashes */; };
		694CFDDC2A443F48005AF8DC /* AppCenterDistribute in Frameworks */ = {isa = PBXBuildFile; productRef = 694CFDDB2A443F48005AF8DC /* AppCenterDistribute */; };
		6958717B2A61319500D304CD /* Pulsator in Frameworks */ = {isa = PBXBuildFile; productRef = 6958717A2A61319500D304CD /* Pulsator */; };
		6958717E2A6132A300D304CD /* Tabman in Frameworks */ = {isa = PBXBuildFile; productRef = 6958717D2A6132A300D304CD /* Tabman */; };
/* End PBXBuildFile section */

/* Begin PBXFileReference section */
		694CFDC52A443EC6005AF8DC /* BugFixAppCenter.app */ = {isa = PBXFileReference; explicitFileType = wrapper.application; includeInIndex = 0; path = BugFixAppCenter.app; sourceTree = BUILT_PRODUCTS_DIR; };
		694CFDC82A443EC6005AF8DC /* BugFixAppCenterApp.swift */ = {isa = PBXFileReference; lastKnownFileType = sourcecode.swift; path = BugFixAppCenterApp.swift; sourceTree = "<group>"; };
		694CFDCA2A443EC6005AF8DC /* ContentView.swift */ = {isa = PBXFileReference; lastKnownFileType = sourcecode.swift; path = ContentView.swift; sourceTree = "<group>"; };
		694CFDCC2A443EC7005AF8DC /* Assets.xcassets */ = {isa = PBXFileReference; lastKnownFileType = folder.assetcatalog; path = Assets.xcassets; sourceTree = "<group>"; };
		694CFDCF2A443EC7005AF8DC /* Preview Assets.xcassets */ = {isa = PBXFileReference; lastKnownFileType = folder.assetcatalog; path = "Preview Assets.xcassets"; sourceTree = "<group>"; };
/* End PBXFileReference section */

/* Begin PBXFrameworksBuildPhase section */
		694CFDC22A443EC6005AF8DC /* Frameworks */ = {
			isa = PBXFrameworksBuildPhase;
			buildActionMask = 2147483647;
			files = (
				690E90112A61C7FB0076EDDF /* FacebookShare in Frameworks */,
				69088EF22A61904E00BC7CD7 /* FirebaseDatabaseSwift in Frameworks */,
				69088ED52A618A7D00BC7CD7 /* Cosmos in Frameworks */,
				69088E762A613D5C00BC7CD7 /* Kingfisher in Frameworks */,
				69088F102A61904E00BC7CD7 /* FirebaseStorage in Frameworks */,
				69088ED22A6185A800BC7CD7 /* CVCalendar in Frameworks */,
				69088EE02A61904E00BC7CD7 /* FirebaseAnalyticsOnDeviceConversion in Frameworks */,
				6958717E2A6132A300D304CD /* Tabman in Frameworks */,
				69088EC02A617D2700BC7CD7 /* AirshipCore in Frameworks */,
				69088EE62A61904E00BC7CD7 /* FirebaseAppCheck in Frameworks */,
				69088EC22A617D2700BC7CD7 /* AirshipExtendedActions in Frameworks */,
				69088ECA2A617D2700BC7CD7 /* AirshipNotificationServiceExtension in Frameworks */,
				69088EF62A61904E00BC7CD7 /* FirebaseFirestore in Frameworks */,
				69088F042A61904E00BC7CD7 /* FirebaseInstallations in Frameworks */,
				69088EEA2A61904E00BC7CD7 /* FirebaseAuth in Frameworks */,
				69088EBC2A617D2700BC7CD7 /* AirshipAutomation in Frameworks */,
				69088EB72A61747F00BC7CD7 /* DGCharts in Frameworks */,
				69088EBE2A617D2700BC7CD7 /* AirshipChat in Frameworks */,
				69088EE42A61904E00BC7CD7 /* FirebaseAnalyticsWithoutAdIdSupport in Frameworks */,
				69088EC62A617D2700BC7CD7 /* AirshipMessageCenter in Frameworks */,
				69088EFE2A61904E00BC7CD7 /* FirebaseFunctionsCombine-Community in Frameworks */,
				694CFDD82A443F48005AF8DC /* AppCenterAnalytics in Frameworks */,
				69088EC42A617D2700BC7CD7 /* AirshipLocation in Frameworks */,
				69088F152A61A03400BC7CD7 /* Mixpanel in Frameworks */,
				69088EF82A61904E00BC7CD7 /* FirebaseFirestoreCombine-Community in Frameworks */,
				690E900B2A61C7FB0076EDDF /* FacebookCore in Frameworks */,
				69088EFA2A61904E00BC7CD7 /* FirebaseFirestoreSwift in Frameworks */,
				69088ED82A618B7A00BC7CD7 /* Reachability in Frameworks */,
				69088EE82A61904E00BC7CD7 /* FirebaseAppDistribution-Beta in Frameworks */,
				69088E7B2A61401C00BC7CD7 /* GoogleSignInSwift in Frameworks */,
				69088F082A61904E00BC7CD7 /* FirebaseMessaging in Frameworks */,
				69088EBA2A617D2700BC7CD7 /* AirshipAccengage in Frameworks */,
				69088EC82A617D2700BC7CD7 /* AirshipNotificationContentExtension in Frameworks */,
				69088EF42A61904E00BC7CD7 /* FirebaseDynamicLinks in Frameworks */,
				69088F022A61904E00BC7CD7 /* FirebaseInAppMessagingSwift-Beta in Frameworks */,
				69088F0E2A61904E00BC7CD7 /* FirebaseRemoteConfigSwift in Frameworks */,
				69088EFC2A61904E00BC7CD7 /* FirebaseFunctions in Frameworks */,
				69088F002A61904E00BC7CD7 /* FirebaseInAppMessaging-Beta in Frameworks */,
				69088EE22A61904E00BC7CD7 /* FirebaseAnalyticsSwift in Frameworks */,
				69088E812A6141C100BC7CD7 /* NYTPhotoViewer in Frameworks */,
				69088EF02A61904E00BC7CD7 /* FirebaseDatabase in Frameworks */,
				69088ECC2A617D2700BC7CD7 /* AirshipPreferenceCenter in Frameworks */,
				694CFDDA2A443F48005AF8DC /* AppCenterCrashes in Frameworks */,
				69088F122A61904E00BC7CD7 /* FirebaseStorageCombine-Community in Frameworks */,
				6958717B2A61319500D304CD /* Pulsator in Frameworks */,
				69088F0C2A61904E00BC7CD7 /* FirebaseRemoteConfig in Frameworks */,
				69088EEE2A61904E00BC7CD7 /* FirebaseCrashlytics in Frameworks */,
				694CFDDC2A443F48005AF8DC /* AppCenterDistribute in Frameworks */,
				690E900F2A61C7FB0076EDDF /* FacebookLogin in Frameworks */,
				69088E792A61401C00BC7CD7 /* GoogleSignIn in Frameworks */,
				69088EDE2A61904E00BC7CD7 /* FirebaseAnalytics in Frameworks */,
				69088F062A61904E00BC7CD7 /* FirebaseMLModelDownloader in Frameworks */,
				69088ECF2A6180E800BC7CD7 /* AlamofireImage in Frameworks */,
				69088F0A2A61904E00BC7CD7 /* FirebasePerformance in Frameworks */,
				69088EEC2A61904E00BC7CD7 /* FirebaseAuthCombine-Community in Frameworks */,
			);
			runOnlyForDeploymentPostprocessing = 0;
		};
/* End PBXFrameworksBuildPhase section */

/* Begin PBXGroup section */
		694CFDBC2A443EC6005AF8DC = {
			isa = PBXGroup;
			children = (
				694CFDC72A443EC6005AF8DC /* BugFixAppCenter */,
				694CFDC62A443EC6005AF8DC /* Products */,
			);
			sourceTree = "<group>";
		};
		694CFDC62A443EC6005AF8DC /* Products */ = {
			isa = PBXGroup;
			children = (
				694CFDC52A443EC6005AF8DC /* BugFixAppCenter.app */,
			);
			name = Products;
			sourceTree = "<group>";
		};
		694CFDC72A443EC6005AF8DC /* BugFixAppCenter */ = {
			isa = PBXGroup;
			children = (
				694CFDC82A443EC6005AF8DC /* BugFixAppCenterApp.swift */,
				694CFDCA2A443EC6005AF8DC /* ContentView.swift */,
				694CFDCC2A443EC7005AF8DC /* Assets.xcassets */,
				694CFDCE2A443EC7005AF8DC /* Preview Content */,
			);
			path = BugFixAppCenter;
			sourceTree = "<group>";
		};
		694CFDCE2A443EC7005AF8DC /* Preview Content */ = {
			isa = PBXGroup;
			children = (
				694CFDCF2A443EC7005AF8DC /* Preview Assets.xcassets */,
			);
			path = "Preview Content";
			sourceTree = "<group>";
		};
/* End PBXGroup section */

/* Begin PBXNativeTarget section */
		694CFDC42A443EC6005AF8DC /* BugFixAppCenter */ = {
			isa = PBXNativeTarget;
			buildConfigurationList = 694CFDD32A443EC7005AF8DC /* Build configuration list for PBXNativeTarget "BugFixAppCenter" */;
			buildPhases = (
				694CFDC12A443EC6005AF8DC /* Sources */,
				694CFDC22A443EC6005AF8DC /* Frameworks */,
				694CFDC32A443EC6005AF8DC /* Resources */,
			);
			buildRules = (
			);
			dependencies = (
			);
			name = BugFixAppCenter;
			packageProductDependencies = (
				694CFDD72A443F48005AF8DC /* AppCenterAnalytics */,
				694CFDD92A443F48005AF8DC /* AppCenterCrashes */,
				694CFDDB2A443F48005AF8DC /* AppCenterDistribute */,
				6958717A2A61319500D304CD /* Pulsator */,
				6958717D2A6132A300D304CD /* Tabman */,
				69088E752A613D5C00BC7CD7 /* Kingfisher */,
				69088E782A61401C00BC7CD7 /* GoogleSignIn */,
				69088E7A2A61401C00BC7CD7 /* GoogleSignInSwift */,
				69088E802A6141C100BC7CD7 /* NYTPhotoViewer */,
				69088EB62A61747F00BC7CD7 /* DGCharts */,
				69088EB92A617D2700BC7CD7 /* AirshipAccengage */,
				69088EBB2A617D2700BC7CD7 /* AirshipAutomation */,
				69088EBD2A617D2700BC7CD7 /* AirshipChat */,
				69088EBF2A617D2700BC7CD7 /* AirshipCore */,
				69088EC12A617D2700BC7CD7 /* AirshipExtendedActions */,
				69088EC32A617D2700BC7CD7 /* AirshipLocation */,
				69088EC52A617D2700BC7CD7 /* AirshipMessageCenter */,
				69088EC72A617D2700BC7CD7 /* AirshipNotificationContentExtension */,
				69088EC92A617D2700BC7CD7 /* AirshipNotificationServiceExtension */,
				69088ECB2A617D2700BC7CD7 /* AirshipPreferenceCenter */,
				69088ECE2A6180E800BC7CD7 /* AlamofireImage */,
				69088ED12A6185A800BC7CD7 /* CVCalendar */,
				69088ED42A618A7D00BC7CD7 /* Cosmos */,
				69088ED72A618B7A00BC7CD7 /* Reachability */,
				69088EDD2A61904E00BC7CD7 /* FirebaseAnalytics */,
				69088EDF2A61904E00BC7CD7 /* FirebaseAnalyticsOnDeviceConversion */,
				69088EE12A61904E00BC7CD7 /* FirebaseAnalyticsSwift */,
				69088EE32A61904E00BC7CD7 /* FirebaseAnalyticsWithoutAdIdSupport */,
				69088EE52A61904E00BC7CD7 /* FirebaseAppCheck */,
				69088EE72A61904E00BC7CD7 /* FirebaseAppDistribution-Beta */,
				69088EE92A61904E00BC7CD7 /* FirebaseAuth */,
				69088EEB2A61904E00BC7CD7 /* FirebaseAuthCombine-Community */,
				69088EED2A61904E00BC7CD7 /* FirebaseCrashlytics */,
				69088EEF2A61904E00BC7CD7 /* FirebaseDatabase */,
				69088EF12A61904E00BC7CD7 /* FirebaseDatabaseSwift */,
				69088EF32A61904E00BC7CD7 /* FirebaseDynamicLinks */,
				69088EF52A61904E00BC7CD7 /* FirebaseFirestore */,
				69088EF72A61904E00BC7CD7 /* FirebaseFirestoreCombine-Community */,
				69088EF92A61904E00BC7CD7 /* FirebaseFirestoreSwift */,
				69088EFB2A61904E00BC7CD7 /* FirebaseFunctions */,
				69088EFD2A61904E00BC7CD7 /* FirebaseFunctionsCombine-Community */,
				69088EFF2A61904E00BC7CD7 /* FirebaseInAppMessaging-Beta */,
				69088F012A61904E00BC7CD7 /* FirebaseInAppMessagingSwift-Beta */,
				69088F032A61904E00BC7CD7 /* FirebaseInstallations */,
				69088F052A61904E00BC7CD7 /* FirebaseMLModelDownloader */,
				69088F072A61904E00BC7CD7 /* FirebaseMessaging */,
				69088F092A61904E00BC7CD7 /* FirebasePerformance */,
				69088F0B2A61904E00BC7CD7 /* FirebaseRemoteConfig */,
				69088F0D2A61904E00BC7CD7 /* FirebaseRemoteConfigSwift */,
				69088F0F2A61904E00BC7CD7 /* FirebaseStorage */,
				69088F112A61904E00BC7CD7 /* FirebaseStorageCombine-Community */,
				69088F142A61A03400BC7CD7 /* Mixpanel */,
				690E900A2A61C7FB0076EDDF /* FacebookCore */,
				690E900E2A61C7FB0076EDDF /* FacebookLogin */,
				690E90102A61C7FB0076EDDF /* FacebookShare */,
			);
			productName = BugFixAppCenter;
			productReference = 694CFDC52A443EC6005AF8DC /* BugFixAppCenter.app */;
			productType = "com.apple.product-type.application";
		};
/* End PBXNativeTarget section */

/* Begin PBXProject section */
		694CFDBD2A443EC6005AF8DC /* Project object */ = {
			isa = PBXProject;
			attributes = {
				BuildIndependentTargetsInParallel = 1;
				LastSwiftUpdateCheck = 1430;
				LastUpgradeCheck = 1430;
				TargetAttributes = {
					694CFDC42A443EC6005AF8DC = {
						CreatedOnToolsVersion = 14.3.1;
					};
				};
			};
			buildConfigurationList = 694CFDC02A443EC6005AF8DC /* Build configuration list for PBXProject "BugFixAppCenter" */;
			compatibilityVersion = "Xcode 14.0";
			developmentRegion = en;
			hasScannedForEncodings = 0;
			knownRegions = (
				en,
				Base,
			);
			mainGroup = 694CFDBC2A443EC6005AF8DC;
			packageReferences = (
				694CFDD62A443F48005AF8DC /* XCRemoteSwiftPackageReference "appcenter-sdk-apple" */,
				695871792A61319500D304CD /* XCRemoteSwiftPackageReference "Pulsator" */,
				6958717C2A6132A300D304CD /* XCRemoteSwiftPackageReference "Tabman" */,
				69088E742A613D5C00BC7CD7 /* XCRemoteSwiftPackageReference "Kingfisher" */,
				69088E772A61401C00BC7CD7 /* XCRemoteSwiftPackageReference "GoogleSignIn-iOS" */,
				69088E7F2A6141C100BC7CD7 /* XCRemoteSwiftPackageReference "NYTPhotoViewer" */,
				69088EB52A61747F00BC7CD7 /* XCRemoteSwiftPackageReference "Charts" */,
				69088EB82A617D2700BC7CD7 /* XCRemoteSwiftPackageReference "ios-library" */,
				69088ECD2A6180E800BC7CD7 /* XCRemoteSwiftPackageReference "AlamofireImage" */,
				69088ED02A6185A800BC7CD7 /* XCRemoteSwiftPackageReference "CVCalendar" */,
				69088ED32A618A7D00BC7CD7 /* XCRemoteSwiftPackageReference "Cosmos" */,
				69088ED62A618B7A00BC7CD7 /* XCRemoteSwiftPackageReference "Reachability.swift" */,
				69088EDC2A61904E00BC7CD7 /* XCRemoteSwiftPackageReference "firebase-ios-sdk" */,
				69088F132A61A03400BC7CD7 /* XCRemoteSwiftPackageReference "mixpanel-swift" */,
				690E90052A61C7FB0076EDDF /* XCRemoteSwiftPackageReference "facebook-ios-sdk" */,
			);
			productRefGroup = 694CFDC62A443EC6005AF8DC /* Products */;
			projectDirPath = "";
			projectRoot = "";
			targets = (
				694CFDC42A443EC6005AF8DC /* BugFixAppCenter */,
			);
		};
/* End PBXProject section */

/* Begin PBXResourcesBuildPhase section */
		694CFDC32A443EC6005AF8DC /* Resources */ = {
			isa = PBXResourcesBuildPhase;
			buildActionMask = 2147483647;
			files = (
				694CFDD02A443EC7005AF8DC /* Preview Assets.xcassets in Resources */,
				694CFDCD2A443EC7005AF8DC /* Assets.xcassets in Resources */,
			);
			runOnlyForDeploymentPostprocessing = 0;
		};
/* End PBXResourcesBuildPhase section */

/* Begin PBXSourcesBuildPhase section */
		694CFDC12A443EC6005AF8DC /* Sources */ = {
			isa = PBXSourcesBuildPhase;
			buildActionMask = 2147483647;
			files = (
				694CFDCB2A443EC6005AF8DC /* ContentView.swift in Sources */,
				694CFDC92A443EC6005AF8DC /* BugFixAppCenterApp.swift in Sources */,
			);
			runOnlyForDeploymentPostprocessing = 0;
		};
/* End PBXSourcesBuildPhase section */

/* Begin XCBuildConfiguration section */
		694CFDD12A443EC7005AF8DC /* Debug */ = {
			isa = XCBuildConfiguration;
			buildSettings = {
				ALWAYS_SEARCH_USER_PATHS = NO;
				CLANG_ANALYZER_NONNULL = YES;
				CLANG_ANALYZER_NUMBER_OBJECT_CONVERSION = YES_AGGRESSIVE;
				CLANG_CXX_LANGUAGE_STANDARD = "gnu++20";
				CLANG_ENABLE_MODULES = YES;
				CLANG_ENABLE_OBJC_ARC = YES;
				CLANG_ENABLE_OBJC_WEAK = YES;
				CLANG_WARN_BLOCK_CAPTURE_AUTORELEASING = YES;
				CLANG_WARN_BOOL_CONVERSION = YES;
				CLANG_WARN_COMMA = YES;
				CLANG_WARN_CONSTANT_CONVERSION = YES;
				CLANG_WARN_DEPRECATED_OBJC_IMPLEMENTATIONS = YES;
				CLANG_WARN_DIRECT_OBJC_ISA_USAGE = YES_ERROR;
				CLANG_WARN_DOCUMENTATION_COMMENTS = YES;
				CLANG_WARN_EMPTY_BODY = YES;
				CLANG_WARN_ENUM_CONVERSION = YES;
				CLANG_WARN_INFINITE_RECURSION = YES;
				CLANG_WARN_INT_CONVERSION = YES;
				CLANG_WARN_NON_LITERAL_NULL_CONVERSION = YES;
				CLANG_WARN_OBJC_IMPLICIT_RETAIN_SELF = YES;
				CLANG_WARN_OBJC_LITERAL_CONVERSION = YES;
				CLANG_WARN_OBJC_ROOT_CLASS = YES_ERROR;
				CLANG_WARN_QUOTED_INCLUDE_IN_FRAMEWORK_HEADER = YES;
				CLANG_WARN_RANGE_LOOP_ANALYSIS = YES;
				CLANG_WARN_STRICT_PROTOTYPES = YES;
				CLANG_WARN_SUSPICIOUS_MOVE = YES;
				CLANG_WARN_UNGUARDED_AVAILABILITY = YES_AGGRESSIVE;
				CLANG_WARN_UNREACHABLE_CODE = YES;
				CLANG_WARN__DUPLICATE_METHOD_MATCH = YES;
				COPY_PHASE_STRIP = NO;
				DEBUG_INFORMATION_FORMAT = dwarf;
				ENABLE_STRICT_OBJC_MSGSEND = YES;
				ENABLE_TESTABILITY = YES;
				GCC_C_LANGUAGE_STANDARD = gnu11;
				GCC_DYNAMIC_NO_PIC = NO;
				GCC_NO_COMMON_BLOCKS = YES;
				GCC_OPTIMIZATION_LEVEL = 0;
				GCC_PREPROCESSOR_DEFINITIONS = (
					"DEBUG=1",
					"$(inherited)",
				);
				GCC_WARN_64_TO_32_BIT_CONVERSION = YES;
				GCC_WARN_ABOUT_RETURN_TYPE = YES_ERROR;
				GCC_WARN_UNDECLARED_SELECTOR = YES;
				GCC_WARN_UNINITIALIZED_AUTOS = YES_AGGRESSIVE;
				GCC_WARN_UNUSED_FUNCTION = YES;
				GCC_WARN_UNUSED_VARIABLE = YES;
				IPHONEOS_DEPLOYMENT_TARGET = 16.4;
				MTL_ENABLE_DEBUG_INFO = INCLUDE_SOURCE;
				MTL_FAST_MATH = YES;
				ONLY_ACTIVE_ARCH = YES;
				SDKROOT = iphoneos;
				SWIFT_ACTIVE_COMPILATION_CONDITIONS = DEBUG;
				SWIFT_OPTIMIZATION_LEVEL = "-Onone";
			};
			name = Debug;
		};
		694CFDD22A443EC7005AF8DC /* Release */ = {
			isa = XCBuildConfiguration;
			buildSettings = {
				ALWAYS_SEARCH_USER_PATHS = NO;
				CLANG_ANALYZER_NONNULL = YES;
				CLANG_ANALYZER_NUMBER_OBJECT_CONVERSION = YES_AGGRESSIVE;
				CLANG_CXX_LANGUAGE_STANDARD = "gnu++20";
				CLANG_ENABLE_MODULES = YES;
				CLANG_ENABLE_OBJC_ARC = YES;
				CLANG_ENABLE_OBJC_WEAK = YES;
				CLANG_WARN_BLOCK_CAPTURE_AUTORELEASING = YES;
				CLANG_WARN_BOOL_CONVERSION = YES;
				CLANG_WARN_COMMA = YES;
				CLANG_WARN_CONSTANT_CONVERSION = YES;
				CLANG_WARN_DEPRECATED_OBJC_IMPLEMENTATIONS = YES;
				CLANG_WARN_DIRECT_OBJC_ISA_USAGE = YES_ERROR;
				CLANG_WARN_DOCUMENTATION_COMMENTS = YES;
				CLANG_WARN_EMPTY_BODY = YES;
				CLANG_WARN_ENUM_CONVERSION = YES;
				CLANG_WARN_INFINITE_RECURSION = YES;
				CLANG_WARN_INT_CONVERSION = YES;
				CLANG_WARN_NON_LITERAL_NULL_CONVERSION = YES;
				CLANG_WARN_OBJC_IMPLICIT_RETAIN_SELF = YES;
				CLANG_WARN_OBJC_LITERAL_CONVERSION = YES;
				CLANG_WARN_OBJC_ROOT_CLASS = YES_ERROR;
				CLANG_WARN_QUOTED_INCLUDE_IN_FRAMEWORK_HEADER = YES;
				CLANG_WARN_RANGE_LOOP_ANALYSIS = YES;
				CLANG_WARN_STRICT_PROTOTYPES = YES;
				CLANG_WARN_SUSPICIOUS_MOVE = YES;
				CLANG_WARN_UNGUARDED_AVAILABILITY = YES_AGGRESSIVE;
				CLANG_WARN_UNREACHABLE_CODE = YES;
				CLANG_WARN__DUPLICATE_METHOD_MATCH = YES;
				COPY_PHASE_STRIP = NO;
				DEBUG_INFORMATION_FORMAT = "dwarf-with-dsym";
				ENABLE_NS_ASSERTIONS = NO;
				ENABLE_STRICT_OBJC_MSGSEND = YES;
				GCC_C_LANGUAGE_STANDARD = gnu11;
				GCC_NO_COMMON_BLOCKS = YES;
				GCC_WARN_64_TO_32_BIT_CONVERSION = YES;
				GCC_WARN_ABOUT_RETURN_TYPE = YES_ERROR;
				GCC_WARN_UNDECLARED_SELECTOR = YES;
				GCC_WARN_UNINITIALIZED_AUTOS = YES_AGGRESSIVE;
				GCC_WARN_UNUSED_FUNCTION = YES;
				GCC_WARN_UNUSED_VARIABLE = YES;
				IPHONEOS_DEPLOYMENT_TARGET = 16.4;
				MTL_ENABLE_DEBUG_INFO = NO;
				MTL_FAST_MATH = YES;
				SDKROOT = iphoneos;
				SWIFT_COMPILATION_MODE = wholemodule;
				SWIFT_OPTIMIZATION_LEVEL = "-O";
				VALIDATE_PRODUCT = YES;
			};
			name = Release;
		};
		694CFDD42A443EC7005AF8DC /* Debug */ = {
			isa = XCBuildConfiguration;
			buildSettings = {
				ASSETCATALOG_COMPILER_APPICON_NAME = AppIcon;
				ASSETCATALOG_COMPILER_GLOBAL_ACCENT_COLOR_NAME = AccentColor;
				CODE_SIGN_STYLE = Automatic;
				CURRENT_PROJECT_VERSION = 1;
				DEVELOPMENT_ASSET_PATHS = "\"BugFixAppCenter/Preview Content\"";
				DEVELOPMENT_TEAM = RLNA7ZSN7E;
				ENABLE_PREVIEWS = YES;
				GENERATE_INFOPLIST_FILE = YES;
				INFOPLIST_KEY_UIApplicationSceneManifest_Generation = YES;
				INFOPLIST_KEY_UIApplicationSupportsIndirectInputEvents = YES;
				INFOPLIST_KEY_UILaunchScreen_Generation = YES;
				INFOPLIST_KEY_UISupportedInterfaceOrientations_iPad = "UIInterfaceOrientationPortrait UIInterfaceOrientationPortraitUpsideDown UIInterfaceOrientationLandscapeLeft UIInterfaceOrientationLandscapeRight";
				INFOPLIST_KEY_UISupportedInterfaceOrientations_iPhone = "UIInterfaceOrientationPortrait UIInterfaceOrientationLandscapeLeft UIInterfaceOrientationLandscapeRight";
				LD_RUNPATH_SEARCH_PATHS = (
					"$(inherited)",
					"@executable_path/Frameworks",
				);
				MARKETING_VERSION = 1.0;
				PRODUCT_BUNDLE_IDENTIFIER = com.KSK.BugFixAppCenter;
				PRODUCT_NAME = "$(TARGET_NAME)";
				SWIFT_EMIT_LOC_STRINGS = YES;
				SWIFT_VERSION = 5.0;
				TARGETED_DEVICE_FAMILY = "1,2";
			};
			name = Debug;
		};
		694CFDD52A443EC7005AF8DC /* Release */ = {
			isa = XCBuildConfiguration;
			buildSettings = {
				ASSETCATALOG_COMPILER_APPICON_NAME = AppIcon;
				ASSETCATALOG_COMPILER_GLOBAL_ACCENT_COLOR_NAME = AccentColor;
				CODE_SIGN_STYLE = Automatic;
				CURRENT_PROJECT_VERSION = 1;
				DEVELOPMENT_ASSET_PATHS = "\"BugFixAppCenter/Preview Content\"";
				DEVELOPMENT_TEAM = RLNA7ZSN7E;
				ENABLE_PREVIEWS = YES;
				GENERATE_INFOPLIST_FILE = YES;
				INFOPLIST_KEY_UIApplicationSceneManifest_Generation = YES;
				INFOPLIST_KEY_UIApplicationSupportsIndirectInputEvents = YES;
				INFOPLIST_KEY_UILaunchScreen_Generation = YES;
				INFOPLIST_KEY_UISupportedInterfaceOrientations_iPad = "UIInterfaceOrientationPortrait UIInterfaceOrientationPortraitUpsideDown UIInterfaceOrientationLandscapeLeft UIInterfaceOrientationLandscapeRight";
				INFOPLIST_KEY_UISupportedInterfaceOrientations_iPhone = "UIInterfaceOrientationPortrait UIInterfaceOrientationLandscapeLeft UIInterfaceOrientationLandscapeRight";
				LD_RUNPATH_SEARCH_PATHS = (
					"$(inherited)",
					"@executable_path/Frameworks",
				);
				MARKETING_VERSION = 1.0;
				PRODUCT_BUNDLE_IDENTIFIER = com.KSK.BugFixAppCenter;
				PRODUCT_NAME = "$(TARGET_NAME)";
				SWIFT_EMIT_LOC_STRINGS = YES;
				SWIFT_VERSION = 5.0;
				TARGETED_DEVICE_FAMILY = "1,2";
			};
			name = Release;
		};
/* End XCBuildConfiguration section */

/* Begin XCConfigurationList section */
		694CFDC02A443EC6005AF8DC /* Build configuration list for PBXProject "BugFixAppCenter" */ = {
			isa = XCConfigurationList;
			buildConfigurations = (
				694CFDD12A443EC7005AF8DC /* Debug */,
				694CFDD22A443EC7005AF8DC /* Release */,
			);
			defaultConfigurationIsVisible = 0;
			defaultConfigurationName = Release;
		};
		694CFDD32A443EC7005AF8DC /* Build configuration list for PBXNativeTarget "BugFixAppCenter" */ = {
			isa = XCConfigurationList;
			buildConfigurations = (
				694CFDD42A443EC7005AF8DC /* Debug */,
				694CFDD52A443EC7005AF8DC /* Release */,
			);
			defaultConfigurationIsVisible = 0;
			defaultConfigurationName = Release;
		};
/* End XCConfigurationList section */

/* Begin XCRemoteSwiftPackageReference section */
		69088E742A613D5C00BC7CD7 /* XCRemoteSwiftPackageReference "Kingfisher" */ = {
			isa = XCRemoteSwiftPackageReference;
			repositoryURL = "https://github.com/onevcat/Kingfisher.git";
			requirement = {
				kind = upToNextMajorVersion;
				minimumVersion = 7.0.0;
			};
		};
		69088E772A61401C00BC7CD7 /* XCRemoteSwiftPackageReference "GoogleSignIn-iOS" */ = {
			isa = XCRemoteSwiftPackageReference;
			repositoryURL = "https://github.com/google/GoogleSignIn-iOS.git";
			requirement = {
				kind = upToNextMajorVersion;
				minimumVersion = 7.0.0;
			};
		};
		69088E7F2A6141C100BC7CD7 /* XCRemoteSwiftPackageReference "NYTPhotoViewer" */ = {
			isa = XCRemoteSwiftPackageReference;
			repositoryURL = "https://github.com/nytimes/NYTPhotoViewer.git";
			requirement = {
				kind = exactVersion;
				version = 5.0.6;
			};
		};
		69088EB52A61747F00BC7CD7 /* XCRemoteSwiftPackageReference "Charts" */ = {
			isa = XCRemoteSwiftPackageReference;
			repositoryURL = "https://github.com/danielgindi/Charts.git";
			requirement = {
				kind = upToNextMajorVersion;
				minimumVersion = 5.0.0;
			};
		};
		69088EB82A617D2700BC7CD7 /* XCRemoteSwiftPackageReference "ios-library" */ = {
			isa = XCRemoteSwiftPackageReference;
			repositoryURL = "https://github.com/urbanairship/ios-library.git";
			requirement = {
				kind = upToNextMajorVersion;
				minimumVersion = 16.0.0;
			};
		};
		69088ECD2A6180E800BC7CD7 /* XCRemoteSwiftPackageReference "AlamofireImage" */ = {
			isa = XCRemoteSwiftPackageReference;
			repositoryURL = "https://github.com/Alamofire/AlamofireImage.git";
			requirement = {
				kind = upToNextMajorVersion;
				minimumVersion = 4.0.0;
			};
		};
		69088ED02A6185A800BC7CD7 /* XCRemoteSwiftPackageReference "CVCalendar" */ = {
			isa = XCRemoteSwiftPackageReference;
			repositoryURL = "https://github.com/CVCalendar/CVCalendar.git";
			requirement = {
				kind = upToNextMajorVersion;
				minimumVersion = 1.0.0;
			};
		};
		69088ED32A618A7D00BC7CD7 /* XCRemoteSwiftPackageReference "Cosmos" */ = {
			isa = XCRemoteSwiftPackageReference;
			repositoryURL = "https://github.com/evgenyneu/Cosmos.git";
			requirement = {
				kind = upToNextMajorVersion;
				minimumVersion = 23.0.0;
			};
		};
		69088ED62A618B7A00BC7CD7 /* XCRemoteSwiftPackageReference "Reachability.swift" */ = {
			isa = XCRemoteSwiftPackageReference;
			repositoryURL = "https://github.com/ashleymills/Reachability.swift.git";
			requirement = {
				kind = upToNextMajorVersion;
				minimumVersion = 5.0.0;
			};
		};
		69088EDC2A61904E00BC7CD7 /* XCRemoteSwiftPackageReference "firebase-ios-sdk" */ = {
			isa = XCRemoteSwiftPackageReference;
			repositoryURL = "https://github.com/firebase/firebase-ios-sdk.git";
			requirement = {
				kind = upToNextMajorVersion;
				minimumVersion = 10.0.0;
			};
		};
		69088F132A61A03400BC7CD7 /* XCRemoteSwiftPackageReference "mixpanel-swift" */ = {
			isa = XCRemoteSwiftPackageReference;
			repositoryURL = "https://github.com/mixpanel/mixpanel-swift.git";
			requirement = {
				kind = upToNextMajorVersion;
				minimumVersion = 4.0.0;
			};
		};
		690E90052A61C7FB0076EDDF /* XCRemoteSwiftPackageReference "facebook-ios-sdk" */ = {
			isa = XCRemoteSwiftPackageReference;
			repositoryURL = "https://github.com/facebook/facebook-ios-sdk.git";
			requirement = {
				kind = upToNextMajorVersion;
				minimumVersion = 14.0.0;
			};
		};
		694CFDD62A443F48005AF8DC /* XCRemoteSwiftPackageReference "appcenter-sdk-apple" */ = {
			isa = XCRemoteSwiftPackageReference;
			repositoryURL = "https://github.com/microsoft/appcenter-sdk-apple.git";
			requirement = {
				kind = upToNextMajorVersion;
				minimumVersion = 5.0.0;
			};
		};
		695871792A61319500D304CD /* XCRemoteSwiftPackageReference "Pulsator" */ = {
			isa = XCRemoteSwiftPackageReference;
			repositoryURL = "https://github.com/shu223/Pulsator.git";
			requirement = {
				kind = upToNextMajorVersion;
				minimumVersion = 0.6.3;
			};
		};
		6958717C2A6132A300D304CD /* XCRemoteSwiftPackageReference "Tabman" */ = {
			isa = XCRemoteSwiftPackageReference;
			repositoryURL = "https://github.com/uias/Tabman.git";
			requirement = {
				kind = upToNextMajorVersion;
				minimumVersion = 3.0.0;
			};
		};
/* End XCRemoteSwiftPackageReference section */

/* Begin XCSwiftPackageProductDependency section */
		69088E752A613D5C00BC7CD7 /* Kingfisher */ = {
			isa = XCSwiftPackageProductDependency;
			package = 69088E742A613D5C00BC7CD7 /* XCRemoteSwiftPackageReference "Kingfisher" */;
			productName = Kingfisher;
		};
		69088E782A61401C00BC7CD7 /* GoogleSignIn */ = {
			isa = XCSwiftPackageProductDependency;
			package = 69088E772A61401C00BC7CD7 /* XCRemoteSwiftPackageReference "GoogleSignIn-iOS" */;
			productName = GoogleSignIn;
		};
		69088E7A2A61401C00BC7CD7 /* GoogleSignInSwift */ = {
			isa = XCSwiftPackageProductDependency;
			package = 69088E772A61401C00BC7CD7 /* XCRemoteSwiftPackageReference "GoogleSignIn-iOS" */;
			productName = GoogleSignInSwift;
		};
		69088E802A6141C100BC7CD7 /* NYTPhotoViewer */ = {
			isa = XCSwiftPackageProductDependency;
			package = 69088E7F2A6141C100BC7CD7 /* XCRemoteSwiftPackageReference "NYTPhotoViewer" */;
			productName = NYTPhotoViewer;
		};
		69088EB62A61747F00BC7CD7 /* DGCharts */ = {
			isa = XCSwiftPackageProductDependency;
			package = 69088EB52A61747F00BC7CD7 /* XCRemoteSwiftPackageReference "Charts" */;
			productName = DGCharts;
		};
		69088EB92A617D2700BC7CD7 /* AirshipAccengage */ = {
			isa = XCSwiftPackageProductDependency;
			package = 69088EB82A617D2700BC7CD7 /* XCRemoteSwiftPackageReference "ios-library" */;
			productName = AirshipAccengage;
		};
		69088EBB2A617D2700BC7CD7 /* AirshipAutomation */ = {
			isa = XCSwiftPackageProductDependency;
			package = 69088EB82A617D2700BC7CD7 /* XCRemoteSwiftPackageReference "ios-library" */;
			productName = AirshipAutomation;
		};
		69088EBD2A617D2700BC7CD7 /* AirshipChat */ = {
			isa = XCSwiftPackageProductDependency;
			package = 69088EB82A617D2700BC7CD7 /* XCRemoteSwiftPackageReference "ios-library" */;
			productName = AirshipChat;
		};
		69088EBF2A617D2700BC7CD7 /* AirshipCore */ = {
			isa = XCSwiftPackageProductDependency;
			package = 69088EB82A617D2700BC7CD7 /* XCRemoteSwiftPackageReference "ios-library" */;
			productName = AirshipCore;
		};
		69088EC12A617D2700BC7CD7 /* AirshipExtendedActions */ = {
			isa = XCSwiftPackageProductDependency;
			package = 69088EB82A617D2700BC7CD7 /* XCRemoteSwiftPackageReference "ios-library" */;
			productName = AirshipExtendedActions;
		};
		69088EC32A617D2700BC7CD7 /* AirshipLocation */ = {
			isa = XCSwiftPackageProductDependency;
			package = 69088EB82A617D2700BC7CD7 /* XCRemoteSwiftPackageReference "ios-library" */;
			productName = AirshipLocation;
		};
		69088EC52A617D2700BC7CD7 /* AirshipMessageCenter */ = {
			isa = XCSwiftPackageProductDependency;
			package = 69088EB82A617D2700BC7CD7 /* XCRemoteSwiftPackageReference "ios-library" */;
			productName = AirshipMessageCenter;
		};
		69088EC72A617D2700BC7CD7 /* AirshipNotificationContentExtension */ = {
			isa = XCSwiftPackageProductDependency;
			package = 69088EB82A617D2700BC7CD7 /* XCRemoteSwiftPackageReference "ios-library" */;
			productName = AirshipNotificationContentExtension;
		};
		69088EC92A617D2700BC7CD7 /* AirshipNotificationServiceExtension */ = {
			isa = XCSwiftPackageProductDependency;
			package = 69088EB82A617D2700BC7CD7 /* XCRemoteSwiftPackageReference "ios-library" */;
			productName = AirshipNotificationServiceExtension;
		};
		69088ECB2A617D2700BC7CD7 /* AirshipPreferenceCenter */ = {
			isa = XCSwiftPackageProductDependency;
			package = 69088EB82A617D2700BC7CD7 /* XCRemoteSwiftPackageReference "ios-library" */;
			productName = AirshipPreferenceCenter;
		};
		69088ECE2A6180E800BC7CD7 /* AlamofireImage */ = {
			isa = XCSwiftPackageProductDependency;
			package = 69088ECD2A6180E800BC7CD7 /* XCRemoteSwiftPackageReference "AlamofireImage" */;
			productName = AlamofireImage;
		};
		69088ED12A6185A800BC7CD7 /* CVCalendar */ = {
			isa = XCSwiftPackageProductDependency;
			package = 69088ED02A6185A800BC7CD7 /* XCRemoteSwiftPackageReference "CVCalendar" */;
			productName = CVCalendar;
		};
		69088ED42A618A7D00BC7CD7 /* Cosmos */ = {
			isa = XCSwiftPackageProductDependency;
			package = 69088ED32A618A7D00BC7CD7 /* XCRemoteSwiftPackageReference "Cosmos" */;
			productName = Cosmos;
		};
		69088ED72A618B7A00BC7CD7 /* Reachability */ = {
			isa = XCSwiftPackageProductDependency;
			package = 69088ED62A618B7A00BC7CD7 /* XCRemoteSwiftPackageReference "Reachability.swift" */;
			productName = Reachability;
		};
		69088EDD2A61904E00BC7CD7 /* FirebaseAnalytics */ = {
			isa = XCSwiftPackageProductDependency;
			package = 69088EDC2A61904E00BC7CD7 /* XCRemoteSwiftPackageReference "firebase-ios-sdk" */;
			productName = FirebaseAnalytics;
		};
		69088EDF2A61904E00BC7CD7 /* FirebaseAnalyticsOnDeviceConversion */ = {
			isa = XCSwiftPackageProductDependency;
			package = 69088EDC2A61904E00BC7CD7 /* XCRemoteSwiftPackageReference "firebase-ios-sdk" */;
			productName = FirebaseAnalyticsOnDeviceConversion;
		};
		69088EE12A61904E00BC7CD7 /* FirebaseAnalyticsSwift */ = {
			isa = XCSwiftPackageProductDependency;
			package = 69088EDC2A61904E00BC7CD7 /* XCRemoteSwiftPackageReference "firebase-ios-sdk" */;
			productName = FirebaseAnalyticsSwift;
		};
		69088EE32A61904E00BC7CD7 /* FirebaseAnalyticsWithoutAdIdSupport */ = {
			isa = XCSwiftPackageProductDependency;
			package = 69088EDC2A61904E00BC7CD7 /* XCRemoteSwiftPackageReference "firebase-ios-sdk" */;
			productName = FirebaseAnalyticsWithoutAdIdSupport;
		};
		69088EE52A61904E00BC7CD7 /* FirebaseAppCheck */ = {
			isa = XCSwiftPackageProductDependency;
			package = 69088EDC2A61904E00BC7CD7 /* XCRemoteSwiftPackageReference "firebase-ios-sdk" */;
			productName = FirebaseAppCheck;
		};
		69088EE72A61904E00BC7CD7 /* FirebaseAppDistribution-Beta */ = {
			isa = XCSwiftPackageProductDependency;
			package = 69088EDC2A61904E00BC7CD7 /* XCRemoteSwiftPackageReference "firebase-ios-sdk" */;
			productName = "FirebaseAppDistribution-Beta";
		};
		69088EE92A61904E00BC7CD7 /* FirebaseAuth */ = {
			isa = XCSwiftPackageProductDependency;
			package = 69088EDC2A61904E00BC7CD7 /* XCRemoteSwiftPackageReference "firebase-ios-sdk" */;
			productName = FirebaseAuth;
		};
		69088EEB2A61904E00BC7CD7 /* FirebaseAuthCombine-Community */ = {
			isa = XCSwiftPackageProductDependency;
			package = 69088EDC2A61904E00BC7CD7 /* XCRemoteSwiftPackageReference "firebase-ios-sdk" */;
			productName = "FirebaseAuthCombine-Community";
		};
		69088EED2A61904E00BC7CD7 /* FirebaseCrashlytics */ = {
			isa = XCSwiftPackageProductDependency;
			package = 69088EDC2A61904E00BC7CD7 /* XCRemoteSwiftPackageReference "firebase-ios-sdk" */;
			productName = FirebaseCrashlytics;
		};
		69088EEF2A61904E00BC7CD7 /* FirebaseDatabase */ = {
			isa = XCSwiftPackageProductDependency;
			package = 69088EDC2A61904E00BC7CD7 /* XCRemoteSwiftPackageReference "firebase-ios-sdk" */;
			productName = FirebaseDatabase;
		};
		69088EF12A61904E00BC7CD7 /* FirebaseDatabaseSwift */ = {
			isa = XCSwiftPackageProductDependency;
			package = 69088EDC2A61904E00BC7CD7 /* XCRemoteSwiftPackageReference "firebase-ios-sdk" */;
			productName = FirebaseDatabaseSwift;
		};
		69088EF32A61904E00BC7CD7 /* FirebaseDynamicLinks */ = {
			isa = XCSwiftPackageProductDependency;
			package = 69088EDC2A61904E00BC7CD7 /* XCRemoteSwiftPackageReference "firebase-ios-sdk" */;
			productName = FirebaseDynamicLinks;
		};
		69088EF52A61904E00BC7CD7 /* FirebaseFirestore */ = {
			isa = XCSwiftPackageProductDependency;
			package = 69088EDC2A61904E00BC7CD7 /* XCRemoteSwiftPackageReference "firebase-ios-sdk" */;
			productName = FirebaseFirestore;
		};
		69088EF72A61904E00BC7CD7 /* FirebaseFirestoreCombine-Community */ = {
			isa = XCSwiftPackageProductDependency;
			package = 69088EDC2A61904E00BC7CD7 /* XCRemoteSwiftPackageReference "firebase-ios-sdk" */;
			productName = "FirebaseFirestoreCombine-Community";
		};
		69088EF92A61904E00BC7CD7 /* FirebaseFirestoreSwift */ = {
			isa = XCSwiftPackageProductDependency;
			package = 69088EDC2A61904E00BC7CD7 /* XCRemoteSwiftPackageReference "firebase-ios-sdk" */;
			productName = FirebaseFirestoreSwift;
		};
		69088EFB2A61904E00BC7CD7 /* FirebaseFunctions */ = {
			isa = XCSwiftPackageProductDependency;
			package = 69088EDC2A61904E00BC7CD7 /* XCRemoteSwiftPackageReference "firebase-ios-sdk" */;
			productName = FirebaseFunctions;
		};
		69088EFD2A61904E00BC7CD7 /* FirebaseFunctionsCombine-Community */ = {
			isa = XCSwiftPackageProductDependency;
			package = 69088EDC2A61904E00BC7CD7 /* XCRemoteSwiftPackageReference "firebase-ios-sdk" */;
			productName = "FirebaseFunctionsCombine-Community";
		};
		69088EFF2A61904E00BC7CD7 /* FirebaseInAppMessaging-Beta */ = {
			isa = XCSwiftPackageProductDependency;
			package = 69088EDC2A61904E00BC7CD7 /* XCRemoteSwiftPackageReference "firebase-ios-sdk" */;
			productName = "FirebaseInAppMessaging-Beta";
		};
		69088F012A61904E00BC7CD7 /* FirebaseInAppMessagingSwift-Beta */ = {
			isa = XCSwiftPackageProductDependency;
			package = 69088EDC2A61904E00BC7CD7 /* XCRemoteSwiftPackageReference "firebase-ios-sdk" */;
			productName = "FirebaseInAppMessagingSwift-Beta";
		};
		69088F032A61904E00BC7CD7 /* FirebaseInstallations */ = {
			isa = XCSwiftPackageProductDependency;
			package = 69088EDC2A61904E00BC7CD7 /* XCRemoteSwiftPackageReference "firebase-ios-sdk" */;
			productName = FirebaseInstallations;
		};
		69088F052A61904E00BC7CD7 /* FirebaseMLModelDownloader */ = {
			isa = XCSwiftPackageProductDependency;
			package = 69088EDC2A61904E00BC7CD7 /* XCRemoteSwiftPackageReference "firebase-ios-sdk" */;
			productName = FirebaseMLModelDownloader;
		};
		69088F072A61904E00BC7CD7 /* FirebaseMessaging */ = {
			isa = XCSwiftPackageProductDependency;
			package = 69088EDC2A61904E00BC7CD7 /* XCRemoteSwiftPackageReference "firebase-ios-sdk" */;
			productName = FirebaseMessaging;
		};
		69088F092A61904E00BC7CD7 /* FirebasePerformance */ = {
			isa = XCSwiftPackageProductDependency;
			package = 69088EDC2A61904E00BC7CD7 /* XCRemoteSwiftPackageReference "firebase-ios-sdk" */;
			productName = FirebasePerformance;
		};
		69088F0B2A61904E00BC7CD7 /* FirebaseRemoteConfig */ = {
			isa = XCSwiftPackageProductDependency;
			package = 69088EDC2A61904E00BC7CD7 /* XCRemoteSwiftPackageReference "firebase-ios-sdk" */;
			productName = FirebaseRemoteConfig;
		};
		69088F0D2A61904E00BC7CD7 /* FirebaseRemoteConfigSwift */ = {
			isa = XCSwiftPackageProductDependency;
			package = 69088EDC2A61904E00BC7CD7 /* XCRemoteSwiftPackageReference "firebase-ios-sdk" */;
			productName = FirebaseRemoteConfigSwift;
		};
		69088F0F2A61904E00BC7CD7 /* FirebaseStorage */ = {
			isa = XCSwiftPackageProductDependency;
			package = 69088EDC2A61904E00BC7CD7 /* XCRemoteSwiftPackageReference "firebase-ios-sdk" */;
			productName = FirebaseStorage;
		};
		69088F112A61904E00BC7CD7 /* FirebaseStorageCombine-Community */ = {
			isa = XCSwiftPackageProductDependency;
			package = 69088EDC2A61904E00BC7CD7 /* XCRemoteSwiftPackageReference "firebase-ios-sdk" */;
			productName = "FirebaseStorageCombine-Community";
		};
		69088F142A61A03400BC7CD7 /* Mixpanel */ = {
			isa = XCSwiftPackageProductDependency;
			package = 69088F132A61A03400BC7CD7 /* XCRemoteSwiftPackageReference "mixpanel-swift" */;
			productName = Mixpanel;
		};
		690E900A2A61C7FB0076EDDF /* FacebookCore */ = {
			isa = XCSwiftPackageProductDependency;
			package = 690E90052A61C7FB0076EDDF /* XCRemoteSwiftPackageReference "facebook-ios-sdk" */;
			productName = FacebookCore;
		};
		690E900E2A61C7FB0076EDDF /* FacebookLogin */ = {
			isa = XCSwiftPackageProductDependency;
			package = 690E90052A61C7FB0076EDDF /* XCRemoteSwiftPackageReference "facebook-ios-sdk" */;
			productName = FacebookLogin;
		};
		690E90102A61C7FB0076EDDF /* FacebookShare */ = {
			isa = XCSwiftPackageProductDependency;
			package = 690E90052A61C7FB0076EDDF /* XCRemoteSwiftPackageReference "facebook-ios-sdk" */;
			productName = FacebookShare;
		};
		694CFDD72A443F48005AF8DC /* AppCenterAnalytics */ = {
			isa = XCSwiftPackageProductDependency;
			package = 694CFDD62A443F48005AF8DC /* XCRemoteSwiftPackageReference "appcenter-sdk-apple" */;
			productName = AppCenterAnalytics;
		};
		694CFDD92A443F48005AF8DC /* AppCenterCrashes */ = {
			isa = XCSwiftPackageProductDependency;
			package = 694CFDD62A443F48005AF8DC /* XCRemoteSwiftPackageReference "appcenter-sdk-apple" */;
			productName = AppCenterCrashes;
		};
		694CFDDB2A443F48005AF8DC /* AppCenterDistribute */ = {
			isa = XCSwiftPackageProductDependency;
			package = 694CFDD62A443F48005AF8DC /* XCRemoteSwiftPackageReference "appcenter-sdk-apple" */;
			productName = AppCenterDistribute;
		};
		6958717A2A61319500D304CD /* Pulsator */ = {
			isa = XCSwiftPackageProductDependency;
			package = 695871792A61319500D304CD /* XCRemoteSwiftPackageReference "Pulsator" */;
			productName = Pulsator;
		};
		6958717D2A6132A300D304CD /* Tabman */ = {
			isa = XCSwiftPackageProductDependency;
			package = 6958717C2A6132A300D304CD /* XCRemoteSwiftPackageReference "Tabman" */;
			productName = Tabman;
		};
/* End XCSwiftPackageProductDependency section */
	};
	rootObject = 694CFDBD2A443EC6005AF8DC /* Project object */;
}
